
Microsoft Visual Studio Solution File, Format Version 12.00
# Visual Studio Version 17
VisualStudioVersion = 17.4.33122.133
MinimumVisualStudioVersion = 10.0.40219.1
Project("{FAE04EC0-301F-11D3-BF4B-00C04F79EFBC}") = "WindowsFormsApp1", "WindowsFormsApp1\WindowsFormsApp1.csproj", "{ACE05C4D-E2CD-4D68-A429-2DCD72B52201}"
EndProject
Global
	GlobalSection(SolutionConfigurationPlatforms) = preSolution
		Debug|Any CPU = Debug|Any CPU
		Release|Any CPU = Release|Any CPU
	EndGlobalSection
	GlobalSection(ProjectConfigurationPlatforms) = postSolution
		{ACE05C4D-E2CD-4D68-A429-2DCD72B52201}.Debug|Any CPU.ActiveCfg = Debug|Any CPU
		{ACE05C4D-E2CD-4D68-A429-2DCD72B52201}.Debug|Any CPU.Build.0 = Debug|Any CPU
		{ACE05C4D-E2CD-4D68-A429-2DCD72B52201}.Release|Any CPU.ActiveCfg = Release|Any CPU
		{ACE05C4D-E2CD-4D68-A429-2DCD72B52201}.Release|Any CPU.Build.0 = Release|Any CPU
	EndGlobalSection
	GlobalSection(SolutionProperties) = preSolution
		HideSolutionNode = FALSE
	EndGlobalSection
	GlobalSection(ExtensibilityGlobals) = postSolution
		SolutionGuid = {728303C3-E606-41F2-A30E-143EDCE52510}
	EndGlobalSection
EndGlobal
